github.com/nikhs247/goface v0.0.0-20201130235148-05196608da5e h1:iwp6sSkrOEaJedsEBvWl0aM7eoNY8qw23F28YDVkAnI=
github.com/nikhs247/goface v0.0.0-20201130235925-b6d72baedfa6 h1:ekr+6XAoX8rOQMu5hfMiOxZJTkaRHTvfbMqc1/fTjwM=
github.com/nikhs247/goface v0.0.0-20201130235925-b6d72baedfa6/go.mod h1:lJZks3Q3ACJ43qSbkR2KpL/rwMUjuqeyXdIZk8kpmx4=
